// !$*UTF8*$!
{
	archiveVersion = 1;
	classes = {
	};
	objectVersion = 46;
	objects = {

/* Begin PBXBuildFile section */
		00E866551A64333C007619B9 /* main.m in Sources */ = {isa = PBXBuildFile; fileRef = 00E866541A64333C007619B9 /* main.m */; };
		00E866581A64333C007619B9 /* AppDelegate.m in Sources */ = {isa = PBXBuildFile; fileRef = 00E866571A64333C007619B9 /* AppDelegate.m */; };
		00E8665B1A64333C007619B9 /* ViewController.m in Sources */ = {isa = PBXBuildFile; fileRef = 00E8665A1A64333C007619B9 /* ViewController.m */; };
		00E8665E1A64333D007619B9 /* Main.storyboard in Resources */ = {isa = PBXBuildFile; fileRef = 00E8665C1A64333D007619B9 /* Main.storyboard */; };
		00E866601A64333D007619B9 /* Images.xcassets in Resources */ = {isa = PBXBuildFile; fileRef = 00E8665F1A64333D007619B9 /* Images.xcassets */; };
		00E866631A64333D007619B9 /* LaunchScreen.xib in Resources */ = {isa = PBXBuildFile; fileRef = 00E866611A64333D007619B9 /* LaunchScreen.xib */; };
		00E8666F1A64333D007619B9 /* TestTests.m in Sources */ = {isa = PBXBuildFile; fileRef = 00E8666E1A64333D007619B9 /* TestTests.m */; };
/* End PBXBuildFile section */

/* Begin PBXContainerItemProxy section */
		00E866691A64333D007619B9 /* PBXContainerItemProxy */ = {
			isa = PBXContainerItemProxy;
			containerPortal = 00E866471A64333C007619B9 /* Project object */;
			proxyType = 1;
			remoteGlobalIDString = 00E8664E1A64333C007619B9;
			remoteInfo = Test;
		};
/* End PBXContainerItemProxy section */

/* Begin PBXFileReference section */
		00E8664F1A64333C007619B9 /* Test.app */ = {isa = PBXFileReference; explicitFileType = wrapper.application; includeInIndex = 0; path = Test.app; sourceTree = BUILT_PRODUCTS_DIR; };
		00E866531A64333C007619B9 /* Info.plist */ = {isa = PBXFileReference; lastKnownFileType = text.plist.xml; path = Info.plist; sourceTree = "<group>"; };
		00E866541A64333C007619B9 /* main.m */ = {isa = PBXFileReference; lastKnownFileType = sourcecode.c.objc; path = main.m; sourceTree = "<group>"; };
		00E866561A64333C007619B9 /* AppDelegate.h */ = {isa = PBXFileReference; lastKnownFileType = sourcecode.c.h; path = AppDelegate.h; sourceTree = "<group>"; };
		00E866571A64333C007619B9 /* AppDelegate.m */ = {isa = PBXFileReference; lastKnownFileType = sourcecode.c.objc; path = AppDelegate.m; sourceTree = "<group>"; };
		00E866591A64333C007619B9 /* ViewController.h */ = {isa = PBXFileReference; lastKnownFileType = sourcecode.c.h; path = ViewController.h; sourceTree = "<group>"; };
		00E8665A1A64333C007619B9 /* ViewController.m */ = {isa = PBXFileReference; lastKnownFileType = sourcecode.c.objc; path = ViewController.m; sourceTree = "<group>"; };
		00E8665D1A64333D007619B9 /* Base */ = {isa = PBXFileReference; lastKnownFileType = file.storyboard; name = Base; path = Base.lproj/Main.storyboard; sourceTree = "<group>"; };
		00E8665F1A64333D007619B9 /* Images.xcassets */ = {isa = PBXFileReference; lastKnownFileType = folder.assetcatalog; path = Images.xcassets; sourceTree = "<group>"; };
		00E866621A64333D007619B9 /* Base */ = {isa = PBXFileReference; lastKnownFileType = file.xib; name = Base; path = Base.lproj/LaunchScreen.xib; sourceTree = "<group>"; };
		00E866681A64333D007619B9 /* TestTests.xctest */ = {isa = PBXFileReference; explicitFileType = wrapper.cfbundle; includeInIndex = 0; path = TestTests.xctest; sourceTree = BUILT_PRODUCTS_DIR; };
		00E8666D1A64333D007619B9 /* Info.plist */ = {isa = PBXFileReference; lastKnownFileType = text.plist.xml; path = Info.plist; sourceTree = "<group>"; };
		00E8666E1A64333D007619B9 /* TestTests.m */ = {isa = PBXFileReference; lastKnownFileType = sourcecode.c.objc; path = TestTests.m; sourceTree = "<group>"; };
/* End PBXFileReference section */

/* Begin PBXFrameworksBuildPhase section */
		00E8664C1A64333C007619B9 /* Frameworks */ = {
			isa = PBXFrameworksBuildPhase;
			buildActionMask = 2147483647;
			files = (
			);
			runOnlyForDeploymentPostprocessing = 0;
		};
		00E866651A64333D007619B9 /* Frameworks */ = {
			isa = PBXFrameworksBuildPhase;
			buildActionMask = 2147483647;
			files = (
			);
			runOnlyForDeploymentPostprocessing = 0;
		};
/* End PBXFrameworksBuildPhase section */

/* Begin PBXGroup section */
		00E866461A64333C007619B9 = {
			isa = PBXGroup;
			children = (
				00E866511A64333C007619B9 /* Test */,
				00E8666B1A64333D007619B9 /* TestTests */,
				00E866501A64333C007619B9 /* Products */,
			);
			sourceTree = "<group>";
		};
		00E866501A64333C007619B9 /* Products */ = {
			isa = PBXGroup;
			children = (
				00E8664F1A64333C007619B9 /* Test.app */,
				00E866681A64333D007619B9 /* TestTests.xctest */,
			);
			name = Products;
			sourceTree = "<group>";
		};
		00E866511A64333C007619B9 /* Test */ = {
			isa = PBXGroup;
			children = (
				00E866561A64333C007619B9 /* AppDelegate.h */,
				00E866571A64333C007619B9 /* AppDelegate.m */,
				00E866591A64333C007619B9 /* ViewController.h */,
				00E8665A1A64333C007619B9 /* ViewController.m */,
				00E8665C1A64333D007619B9 /* Main.storyboard */,
				00E8665F1A64333D007619B9 /* Images.xcassets */,
				00E866611A64333D007619B9 /* LaunchScreen.xib */,
				00E866521A64333C007619B9 /* Supporting Files */,
			);
			path = Test;
			sourceTree = "<group>";
		};
		00E866521A64333C007619B9 /* Supporting Files */ = {
			isa = PBXGroup;
			children = (
				00E866531A64333C007619B9 /* Info.plist */,
				00E866541A64333C007619B9 /* main.m */,
			);
			name = "Supporting Files";
			sourceTree = "<group>";
		};
		00E8666B1A64333D007619B9 /* TestTests */ = {
			isa = PBXGroup;
			children = (
				00E8666E1A64333D007619B9 /* TestTests.m */,
				00E8666C1A64333D007619B9 /* Supporting Files */,
			);
			path = TestTests;
			sourceTree = "<group>";
		};
		00E8666C1A64333D007619B9 /* Supporting Files */ = {
			isa = PBXGroup;
			children = (
				00E8666D1A64333D007619B9 /* Info.plist */,
			);
			name = "Supporting Files";
			sourceTree = "<group>";
		};
/* End PBXGroup section */

/* Begin PBXNativeTarget section */
		00E8664E1A64333C007619B9 /* Test */ = {
			isa = PBXNativeTarget;
			buildConfigurationList = 00E866721A64333D007619B9 /* Build configuration list for PBXNativeTarget "Test" */;
			buildPhases = (
				00E8664B1A64333C007619B9 /* Sources */,
				00E8664C1A64333C007619B9 /* Frameworks */,
				00E8664D1A64333C007619B9 /* Resources */,
			);
			buildRules = (
			);
			dependencies = (
			);
			name = Test;
			productName = Test;
			productReference = 00E8664F1A64333C007619B9 /* Test.app */;
			productType = "com.apple.product-type.application";
		};
		00E866671A64333D007619B9 /* TestTests */ = {
			isa = PBXNativeTarget;
			buildConfigurationList = 00E866751A64333D007619B9 /* Build configuration list for PBXNativeTarget "TestTests" */;
			buildPhases = (
				00E866641A64333D007619B9 /* Sources */,
				00E866651A64333D007619B9 /* Frameworks */,
				00E866661A64333D007619B9 /* Resources */,
			);
			buildRules = (
			);
			dependencies = (
				00E8666A1A64333D007619B9 /* PBXTargetDependency */,
			);
			name = TestTests;
			productName = TestTests;
			productReference = 00E866681A64333D007619B9 /* TestTests.xctest */;
			productType = "com.apple.product-type.bundle.unit-test";
		};
/* End PBXNativeTarget section */

/* Begin PBXProject section */
		00E866471A64333C007619B9 /* Project object */ = {
			isa = PBXProject;
			attributes = {
				LastUpgradeCheck = 0610;
				ORGANIZATIONNAME = "peddi.sravan@gmail.com";
				TargetAttributes = {
					00E8664E1A64333C007619B9 = {
						CreatedOnToolsVersion = 6.1.1;
					};
					00E866671A64333D007619B9 = {
						CreatedOnToolsVersion = 6.1.1;
						TestTargetID = 00E8664E1A64333C007619B9;
					};
				};
			};
			buildConfigurationList = 00E8664A1A64333C007619B9 /* Build configuration list for PBXProject "Test" */;
			compatibilityVersion = "Xcode 3.2";
			developmentRegion = English;
			hasScannedForEncodings = 0;
			knownRegions = (
				en,
				Base,
			);
			mainGroup = 00E866461A64333C007619B9;
			productRefGroup = 00E866501A64333C007619B9 /* Products */;
			projectDirPath = "";
			projectRoot = "";
			targets = (
				00E8664E1A64333C007619B9 /* Test */,
				00E866671A64333D007619B9 /* TestTests */,
			);
		};
/* End PBXProject section */

/* Begin PBXResourcesBuildPhase section */
		00E8664D1A64333C007619B9 /* Resources */ = {
			isa = PBXResourcesBuildPhase;
			buildActionMask = 2147483647;
			files = (
				00E8665E1A64333D007619B9 /* Main.storyboard in Resources */,
				00E866631A64333D007619B9 /* LaunchScreen.xib in Resources */,
				00E866601A64333D007619B9 /* Images.xcassets in Resources */,
			);
			runOnlyForDeploymentPostprocessing = 0;
		};
		00E866661A64333D007619B9 /* Resources */ = {
			isa = PBXResourcesBuildPhase;
			buildActionMask = 2147483647;
			files = (
			);
			runOnlyForDeploymentPostprocessing = 0;
		};
/* End PBXResourcesBuildPhase section */

/* Begin PBXSourcesBuildPhase section */
		00E8664B1A64333C007619B9 /* Sources */ = {
			isa = PBXSourcesBuildPhase;
			buildActionMask = 2147483647;
			files = (
				00E8665B1A64333C007619B9 /* ViewController.m in Sources */,
				00E866581A64333C007619B9 /* AppDelegate.m in Sources */,
				00E866551A64333C007619B9 /* main.m in Sources */,
			);
			runOnlyForDeploymentPostprocessing = 0;
		};
		00E866641A64333D007619B9 /* Sources */ = {
			isa = PBXSourcesBuildPhase;
			buildActionMask = 2147483647;
			files = (
				00E8666F1A64333D007619B9 /* TestTests.m in Sources */,
			);
			runOnlyForDeploymentPostprocessing = 0;
		};
/* End PBXSourcesBuildPhase section */

/* Begin PBXTargetDependency section */
		00E8666A1A64333D007619B9 /* PBXTargetDependency */ = {
			isa = PBXTargetDependency;
			target = 00E8664E1A64333C007619B9 /* Test */;
			targetProxy = 00E866691A64333D007619B9 /* PBXContainerItemProxy */;
		};
/* End PBXTargetDependency section */

/* Begin PBXVariantGroup section */
		00E8665C1A64333D007619B9 /* Main.storyboard */ = {
			isa = PBXVariantGroup;
			children = (
				00E8665D1A64333D007619B9 /* Base */,
			);
			name = Main.storyboard;
			sourceTree = "<group>";
		};
		00E866611A64333D007619B9 /* LaunchScreen.xib */ = {
			isa = PBXVariantGroup;
			children = (
				00E866621A64333D007619B9 /* Base */,
			);
			name = LaunchScreen.xib;
			sourceTree = "<group>";
		};
/* End PBXVariantGroup section */

/* Begin XCBuildConfiguration section */
		00E866701A64333D007619B9 /* Debug */ = {
			isa = XCBuildConfiguration;
			buildSettings = {
				ALWAYS_SEARCH_USER_PATHS = NO;
				CLANG_CXX_LANGUAGE_STANDARD = "gnu++0x";
				CLANG_CXX_LIBRARY = "libc++";
				CLANG_ENABLE_MODULES = YES;
				CLANG_ENABLE_OBJC_ARC = YES;
				CLANG_WARN_BOOL_CONVERSION = YES;
				CLANG_WARN_CONSTANT_CONVERSION = YES;
				CLANG_WARN_DIRECT_OBJC_ISA_USAGE = YES_ERROR;
				CLANG_WARN_EMPTY_BODY = YES;
				CLANG_WARN_ENUM_CONVERSION = YES;
				CLANG_WARN_INT_CONVERSION = YES;
				CLANG_WARN_OBJC_ROOT_CLASS = YES_ERROR;
				CLANG_WARN_UNREACHABLE_CODE = YES;
				CLANG_WARN__DUPLICATE_METHOD_MATCH = YES;
				"CODE_SIGN_IDENTITY[sdk=iphoneos*]" = "iPhone Developer";
				COPY_PHASE_STRIP = NO;
				ENABLE_STRICT_OBJC_MSGSEND = YES;
				GCC_C_LANGUAGE_STANDARD = gnu99;
				GCC_DYNAMIC_NO_PIC = NO;
				GCC_OPTIMIZATION_LEVEL = 0;
				GCC_PREPROCESSOR_DEFINITIONS = (
					"DEBUG=1",
					"$(inherited)",
				);
				GCC_SYMBOLS_PRIVATE_EXTERN = NO;
				GCC_WARN_64_TO_32_BIT_CONVERSION = YES;
				GCC_WARN_ABOUT_RETURN_TYPE = YES_ERROR;
				GCC_WARN_UNDECLARED_SELECTOR = YES;
				GCC_WARN_UNINITIALIZED_AUTOS = YES_AGGRESSIVE;
				GCC_WARN_UNUSED_FUNCTION = YES;
				GCC_WARN_UNUSED_VARIABLE = YES;
				IPHONEOS_DEPLOYMENT_TARGET = 8.1;
				MTL_ENABLE_DEBUG_INFO = YES;
				ONLY_ACTIVE_ARCH = YES;
				SDKROOT = iphoneos;
			};
			name = Debug;
		};
		00E866711A64333D007619B9 /* Release */ = {
			isa = XCBuildConfiguration;
			buildSettings = {
				ALWAYS_SEARCH_USER_PATHS = NO;
				CLANG_CXX_LANGUAGE_STANDARD = "gnu++0x";
				CLANG_CXX_LIBRARY = "libc++";
				CLANG_ENABLE_MODULES = YES;
				CLANG_ENABLE_OBJC_ARC = YES;
				CLANG_WARN_BOOL_CONVERSION = YES;
				CLANG_WARN_CONSTANT_CONVERSION = YES;
				CLANG_WARN_DIRECT_OBJC_ISA_USAGE = YES_ERROR;
				CLANG_WARN_EMPTY_BODY = YES;
				CLANG_WARN_ENUM_CONVERSION = YES;
				CLANG_WARN_INT_CONVERSION = YES;
				CLANG_WARN_OBJC_ROOT_CLASS = YES_ERROR;
				CLANG_WARN_UNREACHABLE_CODE = YES;
				CLANG_WARN__DUPLICATE_METHOD_MATCH = YES;
				"CODE_SIGN_IDENTITY[sdk=iphoneos*]" = "iPhone Developer";
				COPY_PHASE_STRIP = YES;
				ENABLE_NS_ASSERTIONS = NO;
				ENABLE_STRICT_OBJC_MSGSEND = YES;
				GCC_C_LANGUAGE_STANDARD = gnu99;
				GCC_WARN_64_TO_32_BIT_CONVERSION = YES;
				GCC_WARN_ABOUT_RETURN_TYPE = YES_ERROR;
				GCC_WARN_UNDECLARED_SELECTOR = YES;
				GCC_WARN_UNINITIALIZED_AUTOS = YES_AGGRESSIVE;
				GCC_WARN_UNUSED_FUNCTION = YES;
				GCC_WARN_UNUSED_VARIABLE = YES;
				IPHONEOS_DEPLOYMENT_TARGET = 8.1;
				MTL_ENABLE_DEBUG_INFO = NO;
				SDKROOT = iphoneos;
				VALIDATE_PRODUCT = YES;
			};
			name = Release;
		};
		00E866731A64333D007619B9 /* Debug */ = {
			isa = XCBuildConfiguration;
			buildSettings = {
				ASSETCATALOG_COMPILER_APPICON_NAME = AppIcon;
				INFOPLIST_FILE = Test/Info.plist;
				LD_RUNPATH_SEARCH_PATHS = "$(inherited) @executable_path/Frameworks";
				PRODUCT_NAME = "$(TARGET_NAME)";
			};
			name = Debug;
		};
		00E866741A64333D007619B9 /* Release */ = {
			isa = XCBuildConfiguration;
			buildSettings = {
				ASSETCATALOG_COMPILER_APPICON_NAME = AppIcon;
				INFOPLIST_FILE = Test/Info.plist;
				LD_RUNPATH_SEARCH_PATHS = "$(inherited) @executable_path/Frameworks";
				PRODUCT_NAME = "$(TARGET_NAME)";
			};
			name = Release;
		};
		00E866761A64333D007619B9 /* Debug */ = {
			isa = XCBuildConfiguration;
			buildSettings = {
				BUNDLE_LOADER = "$(TEST_HOST)";
				FRAMEWORK_SEARCH_PATHS = (
					"$(SDKROOT)/Developer/Library/Frameworks",
					"$(inherited)",
				);
				GCC_PREPROCESSOR_DEFINITIONS = (
					"DEBUG=1",
					"$(inherited)",
				);
				INFOPLIST_FILE = TestTests/Info.plist;
				LD_RUNPATH_SEARCH_PATHS = "$(inherited) @executable_path/Frameworks @loader_path/Frameworks";
				PRODUCT_NAME = "$(TARGET_NAME)";
				TEST_HOST = "$(BUILT_PRODUCTS_DIR)/Test.app/Test";
			};
			name = Debug;
		};
		00E866771A64333D007619B9 /* Release */ = {
			isa = XCBuildConfiguration;
			buildSettings = {
				BUNDLE_LOADER = "$(TEST_HOST)";
				FRAMEWORK_SEARCH_PATHS = (
					"$(SDKROOT)/Developer/Library/Frameworks",
					"$(inherited)",
				);
				INFOPLIST_FILE = TestTests/Info.plist;
				LD_RUNPATH_SEARCH_PATHS = "$(inherited) @executable_path/Frameworks @loader_path/Frameworks";
				PRODUCT_NAME = "$(TARGET_NAME)";
				TEST_HOST = "$(BUILT_PRODUCTS_DIR)/Test.app/Test";
			};
			name = Release;
		};
/* End XCBuildConfiguration section */

/* Begin XCConfigurationList section */
		00E8664A1A64333C007619B9 /* Build configuration list for PBXProject "Test" */ = {
			isa = XCConfigurationList;
			buildConfigurations = (
				00E866701A64333D007619B9 /* Debug */,
				00E866711A64333D007619B9 /* Release */,
			);
			defaultConfigurationIsVisible = 0;
			defaultConfigurationName = Release;
		};
		00E866721A64333D007619B9 /* Build configuration list for PBXNativeTarget "Test" */ = {
			isa = XCConfigurationList;
			buildConfigurations = (
				00E866731A64333D007619B9 /* Debug */,
				00E866741A64333D007619B9 /* Release */,
			);
			defaultConfigurationIsVisible = 0;
		};
		00E866751A64333D007619B9 /* Build configuration list for PBXNativeTarget "TestTests" */ = {
			isa = XCConfigurationList;
			buildConfigurations = (
				00E866761A64333D007619B9 /* Debug */,
				00E866771A64333D007619B9 /* Release */,
			);
			defaultConfigurationIsVisible = 0;
		};
/* End XCConfigurationList section */
	};
	rootObject = 00E866471A64333C007619B9 /* Project object */;
}
